
Microsoft Visual Studio Solution File, Format Version 12.00
# Visual Studio Version 17
VisualStudioVersion = 17.7.34024.191
MinimumVisualStudioVersion = 10.0.40219.1
Project("{FAE04EC0-301F-11D3-BF4B-00C04F79EFBC}") = "Domain", "Domain\Domain.csproj", "{B9E648B5-AF7F-4B34-828A-E9FDFA757865}"
EndProject
Project("{FAE04EC0-301F-11D3-BF4B-00C04F79EFBC}") = "Application", "Application\Application.csproj", "{C421E9AC-7546-4D28-B8FA-A6015156D5F9}"
EndProject
Project("{FAE04EC0-301F-11D3-BF4B-00C04F79EFBC}") = "Infrastruction", "Infrastruction\Infrastruction.csproj", "{1A5048BD-E60E-4B6B-9FEC-1FC2A07F0526}"
EndProject
Project("{FAE04EC0-301F-11D3-BF4B-00C04F79EFBC}") = "Test", "Test Api\Test.csproj", "{FE55A674-80D2-4FCD-AFB2-96C538E238FD}"
EndProject
Project("{FAE04EC0-301F-11D3-BF4B-00C04F79EFBC}") = "API", "API\API.csproj", "{9CD47A62-8EA6-44A1-802F-A30F51A7AFE8}"
EndProject
Global
	GlobalSection(SolutionConfigurationPlatforms) = preSolution
		Debug|Any CPU = Debug|Any CPU
		Release|Any CPU = Release|Any CPU
	EndGlobalSection
	GlobalSection(ProjectConfigurationPlatforms) = postSolution
		{B9E648B5-AF7F-4B34-828A-E9FDFA757865}.Debug|Any CPU.ActiveCfg = Debug|Any CPU
		{B9E648B5-AF7F-4B34-828A-E9FDFA757865}.Debug|Any CPU.Build.0 = Debug|Any CPU
		{B9E648B5-AF7F-4B34-828A-E9FDFA757865}.Release|Any CPU.ActiveCfg = Release|Any CPU
		{B9E648B5-AF7F-4B34-828A-E9FDFA757865}.Release|Any CPU.Build.0 = Release|Any CPU
		{C421E9AC-7546-4D28-B8FA-A6015156D5F9}.Debug|Any CPU.ActiveCfg = Debug|Any CPU
		{C421E9AC-7546-4D28-B8FA-A6015156D5F9}.Debug|Any CPU.Build.0 = Debug|Any CPU
		{C421E9AC-7546-4D28-B8FA-A6015156D5F9}.Release|Any CPU.ActiveCfg = Release|Any CPU
		{C421E9AC-7546-4D28-B8FA-A6015156D5F9}.Release|Any CPU.Build.0 = Release|Any CPU
		{1A5048BD-E60E-4B6B-9FEC-1FC2A07F0526}.Debug|Any CPU.ActiveCfg = Debug|Any CPU
		{1A5048BD-E60E-4B6B-9FEC-1FC2A07F0526}.Debug|Any CPU.Build.0 = Debug|Any CPU
		{1A5048BD-E60E-4B6B-9FEC-1FC2A07F0526}.Release|Any CPU.ActiveCfg = Release|Any CPU
		{1A5048BD-E60E-4B6B-9FEC-1FC2A07F0526}.Release|Any CPU.Build.0 = Release|Any CPU
		{FE55A674-80D2-4FCD-AFB2-96C538E238FD}.Debug|Any CPU.ActiveCfg = Debug|Any CPU
		{FE55A674-80D2-4FCD-AFB2-96C538E238FD}.Debug|Any CPU.Build.0 = Debug|Any CPU
		{FE55A674-80D2-4FCD-AFB2-96C538E238FD}.Release|Any CPU.ActiveCfg = Release|Any CPU
		{FE55A674-80D2-4FCD-AFB2-96C538E238FD}.Release|Any CPU.Build.0 = Release|Any CPU
		{9CD47A62-8EA6-44A1-802F-A30F51A7AFE8}.Debug|Any CPU.ActiveCfg = Debug|Any CPU
		{9CD47A62-8EA6-44A1-802F-A30F51A7AFE8}.Debug|Any CPU.Build.0 = Debug|Any CPU
		{9CD47A62-8EA6-44A1-802F-A30F51A7AFE8}.Release|Any CPU.ActiveCfg = Release|Any CPU
		{9CD47A62-8EA6-44A1-802F-A30F51A7AFE8}.Release|Any CPU.Build.0 = Release|Any CPU
	EndGlobalSection
	GlobalSection(SolutionProperties) = preSolution
		HideSolutionNode = FALSE
	EndGlobalSection
	GlobalSection(ExtensibilityGlobals) = postSolution
		SolutionGuid = {5A95AA9D-4AC5-493E-842A-4DA63FFACA5F}
	EndGlobalSection
EndGlobal
